# kernel.lock — généré automatiquement
# Ne pas éditer manuellement.
# Régénérer : bash scripts/kernel-lock-gen.sh
# Vérifier  : bash scripts/kernel-isolation-check.sh

kernel_version: "3.5.3"
generated_at: "2026-10-08T17:47"

files:
  KERNEL.md: 3d028d4fff05b1fc222e23e0951f4ee2194a81006fda7f3acf6463832085906e
  brain-compose.yml: 2f3022e52b074d93f3787d836c23c09422f55fb31058c9131d42f8e87a1357f2
  brain-constitution.md: 496aaab6144a51a3a0ad756fbf293ecd755fc2ceb7c650c92fd9a131d3cb9f43
  noyau/agents/agent-review.md: 0063b44ac4de78e722e58a97e64155acc00808b4ea126fa6c64bab03e724a977
  noyau/agents/AGENTS.md: 453361f1ea4b15606de84007f2784e7010fcdc1a85235c1e59a3a96c3880248e
  noyau/agents/api-designer.md: 10b9cc446f7e747bb3e20a4fdea7ed5e441c23dba89e7694a2fa59c12f0eaefe
  noyau/agents/architecture-scribe.md: b48972adee27f4340fd39e3b81da3509f6e2cd717d45c72413044699d3b64e8a
  noyau/agents/audit.md: 64a5920a1dabda53a5fffdfdab601fe13c9c83819b7b57e3c58015ed953c2ebe
  noyau/agents/brain-guardian.md: 12ba5715f377b1a1366853be425158d8b618b19a692c8ddd7b11f6829d2a432c
  noyau/agents/brainstorm.md: 93878b32119b40d9e8b5aab3050bee66ea737b05832513d799e84f06e441578c
  noyau/agents/brain-ui-scribe.md: e9918696e122f3c5ffbe300dce5ab939bc40c693fbb12d1b149f96b8d82e4749
  noyau/agents/ci-cd.md: cc0dce4195f7ab56affd3b9aa93b35a7a5d7ad8f6d16ba92910af1cedea81dac
  noyau/agents/coach-boot.md: c5f8ee4165ce66c74f83f1e4232c0d71810f5c95d7edc8e3f9deb8880333f471
  noyau/agents/coach.md: c8b82e40dc5d69e547eb3b01f6251eb1b4fd94c2013a553c5dca2fc848208ca4
  noyau/agents/code-review.md: dfa9de031ddb54811acb891938ebaf05727106f894eb19623965493c73801434
  noyau/agents/conciergerie.md: 969fc15215c7f39eab2270237b3f309feb9bea9f8449c13805f9b32f015dfeb8
  noyau/agents/config-scribe.md: fe741182039bad2e0ed45d52c216ceffea1773533b51919b16e93f7837353dad
  noyau/agents/content-strategist.md: 9ccf14f1f951a0a5777f26e55075b31fc43fa9ecc6a4582b40dcc62c8deef139
  noyau/agents/content-writer.md: 27e7fddc13241a3e75b71f1f8d8facb6cc2e2fa6fc531c5125fe0e9bd0bfaaed
  noyau/agents/_conventions.md: b9bee6e3457163605ced174d5e6ec06491729b58fa611d0e194bbd3026aefcd7
  noyau/agents/copywriter.md: c112d5400eda05884dc7991a0c1f54491e9d9502303085d35916ce4e5a1b564e
  noyau/agents/database-architect.md: 8fa97c61d2f6bc73ab4d89d845a169fa8e25ebb53a86b3fc0b8ca97c6c8ba680
  noyau/agents/debug.md: 85b825b31611f15993357240351e488b5389c2ff6c5c223abc2079b542ba2c26
  noyau/agents/doc.md: 84b80287807869d520f3ed2f23929b561ac522b38ca4a36509af92fc12aae15a
  noyau/agents/forgeron.md: ef9fd5af59807e9ff2d8542bd57f62aac389adc00789ba5fb714b872f9327cfc
  noyau/agents/french-teacher.md: 2a3eb16440f9ad55723f5ba12b7e6c698b240232224e67a88cbcafd5d57a2ace
  noyau/agents/frontend-stack.md: 58b18a63978e1fe02c674395c9b76c600aae9d22085571a756859c03f924b61a
  noyau/agents/game-designer.md: a61ed5c0df341b159c08c6fb3ae42ea73fc084b88f73f2e9b26c68ce6a6cf588
  noyau/agents/git-analyst.md: adacb7a83b42a4534560b4082e55d97d053f03888f6e2715bcab9f2cacc766f2
  noyau/agents/guide.md: 531590b51d2673319fb501600f07fd2869a8291f504e0df06ca8742e1cfd0e32
  noyau/agents/helloWorld.md: 3459538afab4d8126bf910f29a1bb5df01853fee35344ee82966738b50d92817
  noyau/agents/i18n.md: 7e47bc0d938657019359f41242ea0e1e32e4fb85b2b2d0656d0f538e4cfcc536
  noyau/agents/integrator.md: aacf9041bd4ce2ac1529d829bcf26bd36684750cdc159ff11a6ddf80bd24e1be
  noyau/agents/kanban-scribe.md: db5c898f329601b171e206db24b89a11c40ebc7e0b5475d1d6d081fa5a7fc7ff
  noyau/agents/learning-journal.md: 4f52bfadbab36c89e1491b57eb95dd10862d66e55682ca32328d62c093a03d33
  noyau/agents/mail.md: bcf0a5c15db2c26fdeabdedbebf480a125dbf138ac63b838751874fc2f61afb1
  noyau/agents/mentor.md: 24a69556056129b212959b512392ce51182f60cfb8e1a83acf1c929dbcb6e1d9
  noyau/agents/migration.md: 4f920338a885a457f52b1f2966177d10d346a72c6a160d1a58437c2a29bfe6b4
  noyau/agents/monitoring.md: 4da5cb3882f70be6d02c27b2fedd26f37105f0c851f4e75e26872b35d4c7f028
  noyau/agents/optimizer-backend.md: 86c28aa3cdfec041c6edf36a0cae996eb5aef94d82acdace669d4ed4b6457170
  noyau/agents/optimizer-db.md: 2e05908892bd6685c926b8aabb3e1ee7dbd7d43e1e26377f5792c41b571bc0eb
  noyau/agents/optimizer-frontend.md: 264149b135242fd2f157bed1b49515bbd20e9c09c388b85500de4a24413e2dff
  noyau/agents/orchestrator.md: 4d2e7b5ab7d7a9328ff5e67ff408ee4e7db8fb4c14e8dc4af8c5a83b2f0b3aee
  noyau/agents/orchestrator-scribe.md: 426f77e2c44dc31584691006b7b468c54e317551a0b7b6c6e8d1332bbd18c0c1
  noyau/agents/pathfinder.md: 80061adada01a5c306cec16a6894e3e93c86c2314ebf1fa0266d75748f2747ff
  noyau/agents/pm2.md: f920dc7414e3c59d235fe392df7fb01cbff70551453f0bc6203a18a077f4babf
  noyau/agents/product-strategist.md: 5f340baafc4d56ad21ad0f57d57647d478b5c7c838ad26c0d72d3178c48fd515
  noyau/agents/pulse.md: 4ea7cb3f3f401be2af8dbeaea860de4ee982b40adcbb87e75032e3587156c1a7
  noyau/agents/refacto.md: 864a9b2a52b52e51b1974155c86e3904129315d16b3a6d2c36e15aab693b45dd
  noyau/agents/release-manager.md: ebed74988c6b9c265710f9e65a8974f7964c9ef8a63f091a689a52f9dd48166e
  noyau/agents/scribe.md: a2ee3f88a37f8bd89c93300f474358f6b5fa2e3846c23c635514b07df560f54f
  noyau/agents/scriptwriter.md: 1f50c1134a0f4d548aa09fa6dd1b3b193bce9667c25df6c7cd0bd96e132e077e
  noyau/agents/secrets-guardian.md: 673e602687a4d7d2bec3b1d74618e6c23bb2c4e1f2e9ed7c6c758f8cd374013e
  noyau/agents/secrets-manager.md: c87497e15d785b7be4bf3e493a0d26ce07349c3a2728941b236f205b1fe56032
  noyau/agents/security.md: cad2206f2fb4e9803fc98285ab16be9d6d3d62e815342af7d24413b7c0a36361
  noyau/agents/seo-youtube.md: 85831d226223b94fffd921d1c86802519fc622ea3cc6bbfeed5d39f24a281bdc
  noyau/agents/session-orchestrator.md: ac15284a2df746360e191021cca4d7c219d4da8819b68a789ed2eae45cf3e2e7
  noyau/agents/tech-lead.md: 4d145654f09a0715a6ab36ff6369df06735ff6e09db91c022267881d8f9000fd
  noyau/agents/testing.md: f64b9f1f135b35f401e4db467185265c5c5d16647f3f07e2347b25c72d1412f1
  noyau/agents/todo-scribe.md: 46a635aea83b9e9776cb09006283b42f6e34dfc9324f2f4d2ecb28fedf1600e7
  noyau/agents/toolkit-scribe.md: 7e71c92fb54c93286d2843112c03484a5931e48675f9ae74e879fee8c3cc909f
  noyau/agents/vps.md: a8fdf0bdecb5dd13162fcbb18722a33cf288d3f1d83bdd46adaaef8cc8ab23aa
  noyau/agents/watch.md: 8339cbe7fec7f31eb2cbcd13d4db000c08b7e29df14138a124139a7017afce9d
  scripts/aligne.py: f8a2e4e13a6e4a36d8043690a56284f8c3a4c539a3f7bdda97539d098e023351
  scripts/brain: 6ae6dc2f10824d0875377580731c478394f8357b3af6e044cf169c14d2a30ffc
  scripts/brain-db-sync.sh: 4487a7caa1f6510b2e623f72ffbe695c3d7806afe5e73671c84201aece883083
  scripts/brain-engine.sh: 777a70f9d471baf109e1c9560164a634c7d0cc376dfd9f75a3e50bcaad0e4cc0
  scripts/brain-init.sh: 7dc783afb40c10be66f761f89f307ca3fe30624869b18f16d67a3f0a2df79773
  scripts/brain-satellites.py: fc9b4949d28d19c794f85602f20fffa5532d42752fcd179b1f3f364857358b74
  scripts/brain-setup.sh: 82d2644ecee15ca734e9a05b0ecbec340737eeb1acacbe700833ef97bc58176e
  scripts/brain-status.sh: 785c0bbb2bfa737e285a0db9ea818bb8fc61defd2aba9506a789fd3172f5838d
  scripts/briefing.py: 6ddaff3afec141240fb5e154787463595d069e188f4fbd2256d8329201549c69
  scripts/bsi-claim.sh: dd456565452377a5ed6f8e8dfc62e4f9bbca5ead49ecb1a0e66d53bb5b413974
  scripts/bsi-query.sh: 1ec6312dfcd2af3b4633951d1ec5c9ce5f5074be9f7bc999c8211a70f18109e1
  scripts/bsi-signal.sh: a9126500543535fdd19194ad80e6e336b9095caf1cacd3b936a20b132f2b30bc
  scripts/docs-generer.py: f92731cca2dc48342a26f1db4a6119510bbb85b9e68a374e78ceba87ee36cbe1
  scripts/docs-verite.py: 2298d8d7a3bb90bb7daf1d634ace3fc990869164350d0e5a096306592d68210e
  scripts/dolt-dump-reparer.py: 958ebb311df192f26a3a0eec6cc2ab086fc0f9ffffb111cc7dc1231e8ef4836b
  scripts/dolt-schema-gen.sh: 73564e28bf5810ff15ef7b9596810b044f4882ea15f7931a51b7bd5ca7f5cf70
  scripts/dolt-setup.sh: f12cbeabc15dcf2a6e239670a099138b9cf4e9a141539d034f46b7ee2a1a9f69
  scripts/file-lock.sh: ee1a077bfcbfc5e6b1d76d17cb7421bc43820a10250c6a24ff6713e3d8313615
  scripts/garde-lecture.py: 0462366296f2cb38b3e111a2ca36e2802a5fc93bc28baef2a7ed621ec455c12d
  scripts/hooks/_racines.sh: ffe8bf2ab56541a6b66b192aaece783bbdb1415040583ab0ebb4ac613071353e
  scripts/hooks/_vue.sh: b701fb6175fe05d8adc65f9f18979c528e7b89fe64cf7e1c8427a29896592356
  scripts/install-brain-hooks.sh: 8e0432bb7201783990f5df86a3610d9ff3a6cf70dd9a35b8bd13ed3170722f85
  scripts/kernel-isolation-check.sh: 20b5048eb48063d5c290abd0aa335d5a43ba8685818cba389f8f7b892049a00c
  scripts/kernel-lock-gen.sh: d60f37c7d129a827b64fa408c0e3a9a88596e2f7b5326ce56172a55ea2e5b002
  scripts/lib/donnees.sh: 7fa45397a49ee2aaa0c865c886992844ba2b4cdc23f0a289cd6ae0ce0502376b
  scripts/lib/filiation.py: e5f1db9f91ed6b050e5c743948d20237227c622b238efb6adc1b7fb827cd628a
  scripts/lib/instance.py: 8bec5f561d4dd3ab2fe2fce491b25e50fa1fdef7fe204be29949c7bfcdda2620
  scripts/lib/pair.py: 1592d5b1046c7a10bc833281b9fc85283e1fbfb597ae1f138247129e0af1279e
  scripts/lib/premieres.sh: 91bd6f53ca50bb2f448fcf699cf6c59ae7323860401531f0492e23d0cda4ae32
  scripts/lib/python.sh: 643ea746b6f30388227dcaf13ff445a9f39b99528f1cf491bad7d923010eca9f
  scripts/maj-disponible.py: 97f6537cb2ee7c2ae36931ffe9b17f043eef2bb1bc1eb942f94200c1d9d78c16
  scripts/maj.py: 9c0fb1bff179c5ae18fc429322b737ed8e92c813904c9bf7850571150a0a58fa
  scripts/migrer.py: 6d92515d8eecdf44c27aa4ec52d074ede9ccf2ae47aa46614dd1e2732a1780af
  scripts/ollama-setup.sh: b7a0004a0c2a70a17ee4a6a48300d2e3c2270c266f19522c174543afbcf07d2e
  scripts/posture-gate-check.sh: 321aea8ae25997b802ecc1894640503bf8d14e315a816113f4715e19a6dc78e0
  scripts/schema-retraits.sh: 0d867d6ad70604a4d1147bfd1b7cd73fe2c69e74f775150cfc8fe7912d196687
  scripts/schema-sqlite-gen.py: 91d5a7b9aa18092ba320694bed49f734cf1712198b7d5429b894bf280c4012ce
  scripts/scratch-nettoyable.py: f7cf8fff66b1ececf7db4c6a4723d7928575dc6731caf81843c5910afd8072be
  scripts/vue.py: 449a593f9bb87b69e0a0eaa786ce302fa1718620f448ebad966dee7129dc923b
  scripts/zone-du-diff.py: 41b5de54ed6fb8552da4b753bdada77348c0222eda486fedf13c5c991dd6f726
