# kernel.lock — généré automatiquement
# Ne pas éditer manuellement.
# Régénérer : bash scripts/kernel-lock-gen.sh
# Vérifier  : bash scripts/kernel-isolation-check.sh

kernel_version: "2.6.3"
generated_at: "2026-10-03T11:22"

files:
  KERNEL.md: 157e6f89f937f02efb90fe3ad5b28801bd931b36360c7704702f96503dd261c8
  brain-compose.yml: eb506c4b7af30b132050ef9813cbda436d5fcd841ec52050fadfd78f04bed352
  brain-constitution.md: d7b4ff075dcbbc71bd6e3ea0a6a22b0c29f5f940a8ae922742e7cfcb043575f9
  agents/agent-review.md: 0f0940309f6d11f1ef4117223894e56db126740cbd17f49728153640a0c1aa8a
  agents/AGENTS.md: a60f8a30aafdc29520ac23f58718baa3654eb8ec4020b9b4a36a905b4c170019
  agents/api-designer.md: dd39d4bf9347d12240a89684b93967d79f1e106b98ac39729cae09c56ca76dbd
  agents/architecture-scribe.md: ab16180e4f168f1a4685bd42805617a8125b9aab38ed2c6d729483c6e52e29f2
  agents/audit.md: c8431d40162224e5ad29efd89df3a8b2b9d7b9bf6ab219629d548fec44779042
  agents/brain-compose.md: 06a81139d4858c9f11c9795ae4786f54a7ae761402e2040e09fd0cea4846cd8e
  agents/brain-guardian.md: b84ad3615ff2d7358c1fc0bb39e1b2114eefea9e9fce25dc560527b3e0a588f5
  agents/brainstorm.md: e8deff2362e004497fa2e53f8dc1870def8b388c2d7ec88dc02079595ebe41db
  agents/brain-ui-scribe.md: c7f10a77becfd7b8cd1c927e9c68682181034ea11754166ba360eed57d838ed3
  agents/chrome-pilot.md: 70e1517108dec1f44afa196245335f49498ffd7ad833cdd50e40bc4de2272e45
  agents/ci-cd.md: 2d021ed32528b2657617164636fca24999450206dec181fe5e48ea36828382c1
  agents/coach-boot.md: 8a38ea17055c6c4f0b5ed5de067c55f931595b1c0240050464681673f6e8d567
  agents/coach.md: f4f15b5d5a1a89d0419344903cb13eb2d2416731ee9c215223fb5d8de7f2a0e2
  agents/code-review.md: 2bc63fac0a5dfbd9c3ff50570824db8819e513a372079e01712df1787657ada1
  agents/conciergerie.md: 474cd703927d589e37899f549b8fb5cad7a73d38e04eecde606c9e0d88169297
  agents/config-scribe.md: 1b777f5ecb7bd6df66bbea265ba22f5dc2c8767d58e74f8068cce1dcf3cb5026
  agents/content-scribe.md: e2664f9875b806895d7a29c2d1f2fd36cfca5a4a1dc3661e20a4b4e012cf7543
  agents/content-strategist.md: e9fd280d37541d1b63564e843f887e5b632300edfb42a03ed7ac07ff1f1833be
  agents/content-writer.md: a08b739bb2ba60b7f8db7bf90d2c46d34a1fc7e2f3c6e0c332d14420edb20e49
  agents/_conventions.md: 025a54c25e7b8817f30da4890243478f9a4e28ef7685b4117790b20fe09c23fc
  agents/copywriter.md: 875d40a505fb61d552a5cc748955cfeae9b831443d3d0eb161bd44119e838e0a
  agents/database-architect.md: acd68b14f5deba5669faf991551a0f5f71dbe3206158a92a38e7a37cce25970c
  agents/debug.md: 8c24a946c1426a5c0c0c836d55e5757f2afda900cdfa9122fd5a0a85939a88d0
  agents/decision-scribe.md: 479e159b55457c67531a2e5a847a17eee99e3e074959a20736696240b34c5ca6
  agents/doc.md: fb4f5e723b6304640cae3856ef064be39798314a1d53207ae7c5850a80b65724
  agents/french-teacher.md: 04e5055abb534bab768d36624ed121b558259bc689e0113dd64cdc1457cf1bd6
  agents/frontend-stack.md: 05e4c126382df5351e3022e5e3dcbed229a93ccf1fcaf29718c3e4e82378e55b
  agents/game-designer.md: 8a484f33ffc0c82737653b0eb260edd381c3b7b1519f7bc506695be02741c3eb
  agents/git-analyst.md: 4952180826e3944225db7d02df069c336371334279a68fb9902a63b3b35c7c91
  agents/guide.md: bbf4ac6e7648e329fefd223db22121674f1a3f86ad05fbf21f7125915772fbfb
  agents/helloWorld.md: 572f39a1cbdd7abd5ea1794d006aa4e6a07368fcc1aaf1eef167552671cade6b
  agents/i18n.md: db45c741534d05440af398824f79f629e5851ccfc0f00c554a0c1d7af544197c
  agents/infra-scribe.md: 5dcda5c0c451c4a71dc55cd33530d00d3c8440ece12671d4a8b10900be4aa08a
  agents/integrator.md: 3664cea5c51d168942f108f5a745a970044eded0c98212fee5e0aad4db55c2ed
  agents/interprete.md: e165dbbee570dfa5ff382ca8264652493b6b0e48ee5d9dda282cd4206a084d44
  agents/kanban-scribe.md: 32f798aab846ffed1b3318a240610cc6c77452d9fd00e3f06bdb042ec3ad8b8c
  agents/learning-journal.md: e8a59a6d59a84dd5e4c47454a2122e209764899b7f6b46005f3a64421c101de4
  agents/mail.md: dfb6126bf6573fe708de371682bbef2badbb0eb090fdbde477a02aff9c65bcd8
  agents/mentor.md: 21ce525b436c15f848f1ddd9dd2dc54839309c0913ae231f7f38915555d23d6b
  agents/metabolism-scribe.md: c15fb1a75aab7dd68e6f5bed39b392cad4f687fe07045dfc7e31107e66c31458
  agents/migration.md: 268203b8ddd1125e2df2af840a5c3d67e1fd4df0c960ccc98da4d5dee2a34c70
  agents/monitoring.md: 1dc1f3dcf4525d1281e8278d0cc48414a889141fa00736662a18df021920080f
  agents/onboarding-guide.md: 40f006c302c9a372812fabe9f1e94089e06f8ebcb855fe169676606513ea1a30
  agents/optimizer-backend.md: f180dbbcc9d3a79db0ccfacd67dcca54fd3c8a95847c08d54d1464a97bb631e2
  agents/optimizer-db.md: 575c11ad58b1e29b533cb7a8d98841fe7663bef6a914ac67ebc5ba04bc3099d3
  agents/optimizer-frontend.md: 7c16221c33181e7989737c839a09394516a71d53d089aadecb51bbda969a57bf
  agents/optimizer.md: efed34f589ea13ad046d1232ab8571aeb49ebe02fb31642b666675b66798246a
  agents/orchestrator.md: 95c7983d6d01b57ba1bf85e31452bf45e099366dff5bf21851c948ea104ed6ae
  agents/orchestrator-scribe.md: 513dc71c1afb4c0a8e09589bf8f8da3611dbd50402868de426a1b200486ba528
  agents/pathfinder.md: dc59c832ac0dd8a5b5e608df77d69c43a8627b90398da909174a65cbec95eb94
  agents/pattern-scribe.md: a350ae248176be2ed39e8c1afecf16ba03f3afca16571e8883de9466079d1518
  agents/pm2.md: 61217b57cf391b7fdf744aa4d444d1c3a96ad0945ff0c88f4deaa0b8e22e116f
  agents/pre-flight.md: c2dc9404cddf731d6429674b6ff00cc58a725c4d682b23f8d2dd503546675667
  agents/product-strategist.md: 81c7960322d98bc84d4dc10a9923fc4fad57a8b3abcf102e4fefe15722301eec
  agents/pulse.md: 41f6713b931cec0806ca416d8909c56786a3b2ce873160030a602dd5bf03f787
  agents/refacto.md: 321136ef011b3d88467d19266da98b41f4a99000f8fc5edeb0e42c572ac1df91
  agents/release-manager.md: 9e82535aa65b10e755401170adaaa4cf6f882a125f12dbc48e3254e679da73b2
  agents/scribe.md: fb60926da18cc3f9607aaf1df6499a26264e8f28b96706d3eea6cbbbc49df3e4
  agents/scriptwriter.md: fc7085349c8d480d7d0d8e2c05e208749b1a9bb4fc2bb63b68a858b133c2c2ea
  agents/secrets-guardian.md: c413903b5dd674b393c0f072eb6213a9dad77484df7338e073c11a18a80b53d6
  agents/secrets-injector.md: b5a9a451c9d59ae74fcbd5abe9f4c5ed9db9d1786982997b31bb28d7cf3a58ba
  agents/secrets-manager.md: a1351e9d4b1e72f25a66b6118e28e17175c87083b7382b2f31d525cd40a907be
  agents/security.md: 91a87ba7f4ddf6d21efe02bde805474cb2bbcb81b31ccd7a5a91e803f9e52100
  agents/seo-youtube.md: d69d007fe45537fc1155c7f72d32c1d2f9570808ee61e2ba3eb44f085b03e4e2
  agents/session-orchestrator.md: 62c865d0fa781a21a56d70a20c281a84b6e76a033ae97e5362e1bcbcae303f57
  agents/tech-lead.md: 6d91b33771b00e32e75bf4a82f5cf443b9109ef31f1d7f935d3880885687485b
  agents/testing.md: ef16ce9be45a078badb35d4116c9ba226394b73acab354d69edd5e86288e5157
  agents/todo-scribe.md: fc2b2dc96afd983b7f429dd7c4010884db93a0973bfa677fb4d6ad853d6eba01
  agents/toolkit-scribe.md: 04589105da9be846ef8487401c807c708bf7b54e78e6036c99660bf672a3d101
  agents/ux-architect.md: 2456dbd735a6fecc30ccb20f2f2525aa7fca02b1276a8d76c9095bc6cd86eebc
  agents/vps.md: 07c538ebbb2145088f3f50d94c12c935a92ad86eeb82760c86a29de0a26a4b7a
  agents/watch.md: fff0eb180eb3f4505323bb0f49817c4333234c0beafc5231665e8ad6b208e7bc
  scripts/brain: d0e613e80edba2d4696450d7c1e4d95abe79c550b6e5ace915a3607657a42ac7
  scripts/brain-db-sync.sh: a32572dc06560ba6d84eb02e9f71483435590f7f26b9b42cc4e1e7f00b0cad76
  scripts/brain-engine.sh: 6988e5b7ce59ecc580a9a567a19bcea2cbe5f57b5f8e1e70d2e2c1b9cf74b595
  scripts/brain-satellites.py: 42fab3f9b0e6770c1f7cd2eb9ef4c6f295be5fa77e743fc86643c997552352c8
  scripts/brain-setup.sh: 660be17d3517cba184a456166d832d9a5d6e79bc231a88ba638573041623129a
  scripts/brain-status.sh: 785c0bbb2bfa737e285a0db9ea818bb8fc61defd2aba9506a789fd3172f5838d
  scripts/bsi-claim.sh: 9de8d0b9cc6ce6d99cc69eecab867e190157456572e6b8bd47be9775f97d793f
  scripts/bsi-query.sh: b17148b65dfc271e9aaa630bcf19134c82605a3fe18a5eb96db8c8f3d2a2b89b
  scripts/bsi-signal.sh: 7767b1c99441010db951f9f5fbc1b3dab464b903ac1a77d9382dca338e014bb7
  scripts/docs-generer.py: 3cc634da2f9df4eac71808c95188d493a0ba747a4db66df4c2e263fe64aa4742
  scripts/docs-verite.py: d3ef24923e693b5eee7e5964b13285d13ca826ceb3adc4f7ca1dd1c4af0c9e41
  scripts/dolt-dump-reparer.py: 958ebb311df192f26a3a0eec6cc2ab086fc0f9ffffb111cc7dc1231e8ef4836b
  scripts/dolt-schema-gen.sh: 24795b978f4b9f1042ff1599a8cae7a40091193815b9c70dbd77df3ed687cc18
  scripts/dolt-setup.sh: f57375fae86e6df3a3edf208029da147e1b47e34ba269c4ab15bad35d578e566
  scripts/file-lock.sh: 25a57d3f58a9d873f0a4b0b24ba53de13e1ac9a635ef9afd5bd347b8cf113f41
  scripts/hooks/_racines.sh: ffe8bf2ab56541a6b66b192aaece783bbdb1415040583ab0ebb4ac613071353e
  scripts/install-brain-hooks.sh: 32c7ffe39be65a67522094e26deadad2f8eaa85530f0ec6e1565f2206371b695
  scripts/kernel-isolation-check.sh: 1ef2869536491e2ada2876cd897cca36986b3f6b49942eed57cf337f112ec2b4
  scripts/kernel-lock-gen.sh: d0f691a3f650c7971231d5abed66936090c86137bcc4eff242af50a413795b45
  scripts/lib/filiation.py: e5f1db9f91ed6b050e5c743948d20237227c622b238efb6adc1b7fb827cd628a
  scripts/lib/instance.py: 9b395ad1345fb11175de963acbbb06c038bec46bf520a0efdb212715f2d9dd97
  scripts/lib/pair.py: 1592d5b1046c7a10bc833281b9fc85283e1fbfb597ae1f138247129e0af1279e
  scripts/lib/premieres.sh: 91bd6f53ca50bb2f448fcf699cf6c59ae7323860401531f0492e23d0cda4ae32
  scripts/lib/python.sh: a2d928fdce9db51fbc9013884b9623f561eed9eab718943ff8e0f7a6f37f3b6b
  scripts/maj-disponible.py: c772464d72a49fc5ee22e5b16d82c129ebd4eb650d5c94ff31fad57fe7b8e061
  scripts/ollama-setup.sh: 90e93f2dafac9e948b4350865308fa46148201ff00e65da596a68244aedc2b23
  scripts/schema-retraits.sh: 3b8bbf8bf04975ca1e48c2b8cfaf9bcbc54c20b7e9fbb312ef689fed851968d8
  scripts/schema-sqlite-gen.py: 91d5a7b9aa18092ba320694bed49f734cf1712198b7d5429b894bf280c4012ce
  scripts/scratch-nettoyable.py: b99f52706b128c29eed7b4320f67535f39e353bae9fdc05392ac4db8da8d4082
